
Microsoft Visual Studio Solution File, Format Version 12.00
# Visual Studio Version 17
VisualStudioVersion = 17.1.32414.318
MinimumVisualStudioVersion = 10.0.40219.1
Project("{FAE04EC0-301F-11D3-BF4B-00C04F79EFBC}") = "JeuxMonogame", "JeuxMonogame\JeuxMonogame.csproj", "{54EC9A85-094C-414F-A329-8810780B1B20}"
EndProject
Global
	GlobalSection(SolutionConfigurationPlatforms) = preSolution
		Debug|Any CPU = Debug|Any CPU
		Release|Any CPU = Release|Any CPU
	EndGlobalSection
	GlobalSection(ProjectConfigurationPlatforms) = postSolution
		{54EC9A85-094C-414F-A329-8810780B1B20}.Debug|Any CPU.ActiveCfg = Debug|Any CPU
		{54EC9A85-094C-414F-A329-8810780B1B20}.Debug|Any CPU.Build.0 = Debug|Any CPU
		{54EC9A85-094C-414F-A329-8810780B1B20}.Release|Any CPU.ActiveCfg = Release|Any CPU
		{54EC9A85-094C-414F-A329-8810780B1B20}.Release|Any CPU.Build.0 = Release|Any CPU
	EndGlobalSection
	GlobalSection(SolutionProperties) = preSolution
		HideSolutionNode = FALSE
	EndGlobalSection
	GlobalSection(ExtensibilityGlobals) = postSolution
		SolutionGuid = {EC64B1C7-78AD-4B20-9ECE-5F53B2D6E5F8}
	EndGlobalSection
EndGlobal
